
Microsoft Visual Studio Solution File, Format Version 12.00
# Visual Studio Version 17
VisualStudioVersion = 17.13.35931.197 d17.13
MinimumVisualStudioVersion = 10.0.40219.1
Project("{FAE04EC0-301F-11D3-BF4B-00C04F79EFBC}") = "EFGetStarted", "EFGetStarted\EFGetStarted.csproj", "{49E251FC-1183-4DF6-A247-CF60E2B93096}"
EndProject
Global
	GlobalSection(SolutionConfigurationPlatforms) = preSolution
		Debug|Any CPU = Debug|Any CPU
		Release|Any CPU = Release|Any CPU
	EndGlobalSection
	GlobalSection(ProjectConfigurationPlatforms) = postSolution
		{49E251FC-1183-4DF6-A247-CF60E2B93096}.Debug|Any CPU.ActiveCfg = Debug|Any CPU
		{49E251FC-1183-4DF6-A247-CF60E2B93096}.Debug|Any CPU.Build.0 = Debug|Any CPU
		{49E251FC-1183-4DF6-A247-CF60E2B93096}.Release|Any CPU.ActiveCfg = Release|Any CPU
		{49E251FC-1183-4DF6-A247-CF60E2B93096}.Release|Any CPU.Build.0 = Release|Any CPU
	EndGlobalSection
	GlobalSection(SolutionProperties) = preSolution
		HideSolutionNode = FALSE
	EndGlobalSection
	GlobalSection(ExtensibilityGlobals) = postSolution
		SolutionGuid = {B5983C6E-158C-4AF1-815C-7813ECCD9886}
	EndGlobalSection
EndGlobal
